Microsoft Visual Studio Solution File, Format Version 12.00
# Visual Studio Version 16
VisualStudioVersion = 16.0.30611.23
MinimumVisualStudioVersion = 10.0.40219.1
Project("{FAE04EC0-301F-11D3-BF4B-00C04F79EFBC}") = "Calculator", "Calculator.csproj", "{A27CBA1C-371A-4708-BB01-9848A8B50505}"
EndProject
Project("{FAE04EC0-301F-11D3-BF4B-00C04F79EFBC}") = "FirstForm", "FirstForm\FirstForm.csproj", "{27D85A2C-9B95-45FA-9D47-B7A2A860473C}"
EndProject
Project("{FAE04EC0-301F-11D3-BF4B-00C04F79EFBC}") = "IngCalculator", "IngCalculator\IngCalculator.csproj", "{BD50304B-1D25-465F-8883-77EA9AFCC6FC}"
EndProject
Global
	GlobalSection(SolutionConfigurationPlatforms) = preSolution
		Debug|Any CPU = Debug|Any CPU
		Release|Any CPU = Release|Any CPU
	EndGlobalSection
	GlobalSection(ProjectConfigurationPlatforms) = postSolution
		{A27CBA1C-371A-4708-BB01-9848A8B50505}.Debug|Any CPU.ActiveCfg = Debug|Any CPU
		{A27CBA1C-371A-4708-BB01-9848A8B50505}.Debug|Any CPU.Build.0 = Debug|Any CPU
		{A27CBA1C-371A-4708-BB01-9848A8B50505}.Release|Any CPU.ActiveCfg = Release|Any CPU
		{A27CBA1C-371A-4708-BB01-9848A8B50505}.Release|Any CPU.Build.0 = Release|Any CPU
		{27D85A2C-9B95-45FA-9D47-B7A2A860473C}.Debug|Any CPU.ActiveCfg = Debug|Any CPU
		{27D85A2C-9B95-45FA-9D47-B7A2A860473C}.Debug|Any CPU.Build.0 = Debug|Any CPU
		{27D85A2C-9B95-45FA-9D47-B7A2A860473C}.Release|Any CPU.ActiveCfg = Release|Any CPU
		{27D85A2C-9B95-45FA-9D47-B7A2A860473C}.Release|Any CPU.Build.0 = Release|Any CPU
		{BD50304B-1D25-465F-8883-77EA9AFCC6FC}.Debug|Any CPU.ActiveCfg = Debug|Any CPU
		{BD50304B-1D25-465F-8883-77EA9AFCC6FC}.Debug|Any CPU.Build.0 = Debug|Any CPU
		{BD50304B-1D25-465F-8883-77EA9AFCC6FC}.Release|Any CPU.ActiveCfg = Release|Any CPU
		{BD50304B-1D25-465F-8883-77EA9AFCC6FC}.Release|Any CPU.Build.0 = Release|Any CPU
	EndGlobalSection
	GlobalSection(SolutionProperties) = preSolution
		HideSolutionNode = FALSE
	EndGlobalSection
	GlobalSection(ExtensibilityGlobals) = postSolution
		SolutionGuid = {BC9BB524-51CA-48FD-968F-45A79C3C571C}
	EndGlobalSection
EndGlobal
